
Microsoft Visual Studio Solution File, Format Version 12.00
# Visual Studio Version 17
VisualStudioVersion = 17.8.34309.116
MinimumVisualStudioVersion = 10.0.40219.1
Project("{9A19103F-16F7-4668-BE54-9A1E7A4F7556}") = "Primes", "Primes\Primes.csproj", "{7F25D796-D5A8-4830-A880-24C6DA29FBCB}"
EndProject
Global
	GlobalSection(SolutionConfigurationPlatforms) = preSolution
		Debug|Any CPU = Debug|Any CPU
		Release|Any CPU = Release|Any CPU
	EndGlobalSection
	GlobalSection(ProjectConfigurationPlatforms) = postSolution
		{7F25D796-D5A8-4830-A880-24C6DA29FBCB}.Debug|Any CPU.ActiveCfg = Debug|Any CPU
		{7F25D796-D5A8-4830-A880-24C6DA29FBCB}.Debug|Any CPU.Build.0 = Debug|Any CPU
		{7F25D796-D5A8-4830-A880-24C6DA29FBCB}.Release|Any CPU.ActiveCfg = Release|Any CPU
		{7F25D796-D5A8-4830-A880-24C6DA29FBCB}.Release|Any CPU.Build.0 = Release|Any CPU
	EndGlobalSection
	GlobalSection(SolutionProperties) = preSolution
		HideSolutionNode = FALSE
	EndGlobalSection
	GlobalSection(ExtensibilityGlobals) = postSolution
		SolutionGuid = {42528575-009D-4EBA-8F1D-FC2F9E40CDEE}
	EndGlobalSection
EndGlobal
